
Microsoft Visual Studio Solution File, Format Version 12.00
# Visual Studio Version 17
VisualStudioVersion = 17.8.34511.84
MinimumVisualStudioVersion = 10.0.40219.1
Project("{888888A0-9F3D-457C-B088-3A5042F75D52}") = "calculate_demographic_data", "calculate_demographic_data\calculate_demographic_data.pyproj", "{2CA5E3EF-EEF0-4312-A25B-BAEB422D59B7}"
EndProject
Global
	GlobalSection(SolutionConfigurationPlatforms) = preSolution
		Debug|Any CPU = Debug|Any CPU
		Release|Any CPU = Release|Any CPU
	EndGlobalSection
	GlobalSection(ProjectConfigurationPlatforms) = postSolution
		{2CA5E3EF-EEF0-4312-A25B-BAEB422D59B7}.Debug|Any CPU.ActiveCfg = Debug|Any CPU
		{2CA5E3EF-EEF0-4312-A25B-BAEB422D59B7}.Release|Any CPU.ActiveCfg = Release|Any CPU
	EndGlobalSection
	GlobalSection(SolutionProperties) = preSolution
		HideSolutionNode = FALSE
	EndGlobalSection
	GlobalSection(ExtensibilityGlobals) = postSolution
		SolutionGuid = {FDF2B4A6-C589-468A-837D-66B5F7C2667E}
	EndGlobalSection
EndGlobal
